
Microsoft Visual Studio Solution File, Format Version 12.00
# Visual Studio Version 16
VisualStudioVersion = 16.0.31605.320
MinimumVisualStudioVersion = 10.0.40219.1
Project("{FAE04EC0-301F-11D3-BF4B-00C04F79EFBC}") = "konzolos_sakk", "konzolos_sakk\konzolos_sakk.csproj", "{32F23863-9397-4F85-830E-84866099C313}"
EndProject
Global
	GlobalSection(SolutionConfigurationPlatforms) = preSolution
		Debug|Any CPU = Debug|Any CPU
		Release|Any CPU = Release|Any CPU
	EndGlobalSection
	GlobalSection(ProjectConfigurationPlatforms) = postSolution
		{32F23863-9397-4F85-830E-84866099C313}.Debug|Any CPU.ActiveCfg = Debug|Any CPU
		{32F23863-9397-4F85-830E-84866099C313}.Debug|Any CPU.Build.0 = Debug|Any CPU
		{32F23863-9397-4F85-830E-84866099C313}.Release|Any CPU.ActiveCfg = Release|Any CPU
		{32F23863-9397-4F85-830E-84866099C313}.Release|Any CPU.Build.0 = Release|Any CPU
	EndGlobalSection
	GlobalSection(SolutionProperties) = preSolution
		HideSolutionNode = FALSE
	EndGlobalSection
	GlobalSection(ExtensibilityGlobals) = postSolution
		SolutionGuid = {E541F5D7-8E8B-4665-AB4C-1CB055B3BCAF}
	EndGlobalSection
EndGlobal
